
Microsoft Visual Studio Solution File, Format Version 12.00
# Visual Studio 15
VisualStudioVersion = 15.0.27428.2043
MinimumVisualStudioVersion = 10.0.40219.1
Project("{FAE04EC0-301F-11D3-BF4B-00C04F79EFBC}") = "GR_Record_Sort", "GR_Record_Sort\GR_Record_Sort.csproj", "{241E7263-108A-4CA4-A45B-BECD181D0CFF}"
EndProject
Global
	GlobalSection(SolutionConfigurationPlatforms) = preSolution
		Debug|Any CPU = Debug|Any CPU
		Release|Any CPU = Release|Any CPU
	EndGlobalSection
	GlobalSection(ProjectConfigurationPlatforms) = postSolution
		{241E7263-108A-4CA4-A45B-BECD181D0CFF}.Debug|Any CPU.ActiveCfg = Debug|Any CPU
		{241E7263-108A-4CA4-A45B-BECD181D0CFF}.Debug|Any CPU.Build.0 = Debug|Any CPU
		{241E7263-108A-4CA4-A45B-BECD181D0CFF}.Release|Any CPU.ActiveCfg = Release|Any CPU
		{241E7263-108A-4CA4-A45B-BECD181D0CFF}.Release|Any CPU.Build.0 = Release|Any CPU
	EndGlobalSection
	GlobalSection(SolutionProperties) = preSolution
		HideSolutionNode = FALSE
	EndGlobalSection
	GlobalSection(ExtensibilityGlobals) = postSolution
		SolutionGuid = {E6AF8EFA-7C95-4C64-A266-608A6F6DDE8C}
	EndGlobalSection
EndGlobal
